#MicroXplorer Configuration settings - do not modify
Mcu.Family=STM32L1
RCC.MSI_VALUE=2097000
RCC.VCOOutputFreq_Value=48000000
NVIC.SysTick_IRQn=true\:0\:0\:false\:false\:true\:false\:true
ProjectManager.LastFirmware=true
ProjectManager.MainLocation=Core/Src
ProjectManager.FirmwarePackage=STM32Cube FW_L1 V1.10.1
MxDb.Version=DB.6.0.0
ProjectManager.ProjectFileName=backscatter_l152c8t.ioc
RCC.APB2Freq_Value=2097000
ProjectManager.BackupPrevious=false
MxCube.Version=6.0.1
ProjectManager.KeepUserCode=true
Mcu.UserName=STM32L152C8TxA
Mcu.PinsNb=1
ProjectManager.NoMain=false
File.Version=6
VP_SYS_VS_Systick.Mode=SysTick
RCC.PLLCLKFreq_Value=24000000
NVIC.NonMaskableInt_IRQn=true\:0\:0\:false\:false\:true\:false\:false
NVIC.PendSV_IRQn=true\:0\:0\:false\:false\:true\:false\:false
ProjectManager.functionlistsort=
RCC.RTCFreq_Value=37000
ProjectManager.FreePins=false
RCC.IPParameters=AHBFreq_Value,APB1Freq_Value,APB2Freq_Value,FamilyName,HSE_VALUE,HSI_VALUE,LSE_VALUE,LSI_VALUE,MSI_VALUE,PLLCLKFreq_Value,RTCFreq_Value,RTCHSEDivFreq_Value,SYSCLKFreq_VALUE,TIMFreq_Value,VCOOutputFreq_Value
ProjectManager.DefaultFWLocation=true
ProjectManager.AskForMigrate=true
Mcu.Name=STM32L152C(6-8-B)TxA
ProjectManager.HalAssertFull=false
NVIC.SVC_IRQn=true\:0\:0\:false\:false\:true\:false\:false
RCC.RTCHSEDivFreq_Value=12000000
ProjectManager.DeletePrevious=true
ProjectManager.ProjectName=backscatter_l152c8t
ProjectManager.UnderRoot=false
ProjectManager.CoupleFile=false
RCC.SYSCLKFreq_VALUE=2097000
PinOutPanel.RotationAngle=0
Mcu.Package=LQFP48
RCC.FamilyName=M
ProjectManager.StackSize=0x400
NVIC.ForceEnableDMAVector=true
KeepUserPlacement=false
NVIC.MemoryManagement_IRQn=true\:0\:0\:false\:false\:true\:false\:false
ProjectManager.CompilerOptimize=6
Mcu.IP2=SYS
ProjectManager.ToolChainLocation=
RCC.LSI_VALUE=37000
VP_SYS_VS_Systick.Signal=SYS_VS_Systick
Mcu.IP0=NVIC
Mcu.IP1=RCC
ProjectManager.HeapSize=0x200
NVIC.HardFault_IRQn=true\:0\:0\:false\:false\:true\:false\:false
Mcu.UserConstants=
ProjectManager.TargetToolchain=EWARM V8.32
ProjectManager.ComputerToolchain=false
RCC.HSI_VALUE=16000000
Mcu.ThirdPartyNb=0
NVIC.PriorityGroup=NVIC_PRIORITYGROUP_4
Mcu.IPNb=3
ProjectManager.PreviousToolchain=
NVIC.BusFault_IRQn=true\:0\:0\:false\:false\:true\:false\:false
ProjectManager.RegisterCallBack=
RCC.LSE_VALUE=32768
RCC.APB1Freq_Value=2097000
RCC.AHBFreq_Value=2097000
Mcu.Pin0=VP_SYS_VS_Systick
GPIO.groupedBy=
ProjectManager.CustomerFirmwarePackage=
ProjectManager.DeviceId=STM32L152C8TxA
ProjectManager.LibraryCopy=0
ProjectManager.ProjectBuild=false
RCC.HSE_VALUE=24000000
NVIC.UsageFault_IRQn=true\:0\:0\:false\:false\:true\:false\:false
NVIC.DebugMonitor_IRQn=true\:0\:0\:false\:false\:true\:false\:false
RCC.TIMFreq_Value=2097000
board=custom
